
Microsoft Visual Studio Solution File, Format Version 12.00
# Visual Studio Version 17
VisualStudioVersion = 17.0.31903.59
MinimumVisualStudioVersion = 10.0.40219.1
Project("{2150E333-8FDC-42A3-9474-1A3956D46DE8}") = "Dealer", "Dealer", "{613E1595-2F5A-4B38-8A75-DEC4AA402374}"
EndProject
Project("{9A19103F-16F7-4668-BE54-9A1E7A4F7556}") = "Sii.Dealer.Api", "dealer\Sii.Dealer.Api\Sii.Dealer.Api.csproj", "{C4185F57-CC62-4C98-80A0-2AFB04916150}"
EndProject
Project("{9A19103F-16F7-4668-BE54-9A1E7A4F7556}") = "Sii.Dealer.ConsoleApp", "dealer\Sii.Dealer.ConsoleApp\Sii.Dealer.ConsoleApp.csproj", "{48C7CAD2-168C-4FD5-9C30-25BA567AB65F}"
EndProject
Project("{9A19103F-16F7-4668-BE54-9A1E7A4F7556}") = "Sii.Dealer.Core.Application", "dealer\Sii.Dealer.Core.Application\Sii.Dealer.Core.Application.csproj", "{686E8C12-69E3-46CB-9C8C-D8786CA55181}"
EndProject
Project("{9A19103F-16F7-4668-BE54-9A1E7A4F7556}") = "Sii.Dealer.Core.Base", "dealer\Sii.Dealer.Core.Base\Sii.Dealer.Core.Base.csproj", "{132C4C63-015B-40F6-A22D-B22108F1F816}"
EndProject
Project("{9A19103F-16F7-4668-BE54-9A1E7A4F7556}") = "Sii.Dealer.Core.Domain", "dealer\Sii.Dealer.Core.Domain\Sii.Dealer.Core.Domain.csproj", "{1BCDB7F6-6094-4EE7-BCBC-C027A7D1BDB7}"
EndProject
Project("{9A19103F-16F7-4668-BE54-9A1E7A4F7556}") = "Sii.Dealer.Core.Infrastructure", "dealer\Sii.Dealer.Core.Infrastructure\Sii.Dealer.Core.Infrastructure.csproj", "{61019E0E-2547-4C93-838B-27B7A4DFBE36}"
EndProject
Project("{9A19103F-16F7-4668-BE54-9A1E7A4F7556}") = "Sii.Dealer.Customers", "dealer\Sii.Dealer.Customers\Sii.Dealer.Customers.csproj", "{C29CC7E7-834B-45AA-95E1-47186E6C1DB4}"
EndProject
Project("{9A19103F-16F7-4668-BE54-9A1E7A4F7556}") = "Sii.Dealer.DependencyInjection", "dealer\Sii.Dealer.DependencyInjection\Sii.Dealer.DependencyInjection.csproj", "{8637D4F8-22A7-4453-A096-5C5E27759BB5}"
EndProject
Project("{9A19103F-16F7-4668-BE54-9A1E7A4F7556}") = "Sii.Dealer.ReadModel", "dealer\Sii.Dealer.ReadModel\Sii.Dealer.ReadModel.csproj", "{388FC360-B0E7-4DAA-A8F1-2F9E3F6401E4}"
EndProject
Project("{9A19103F-16F7-4668-BE54-9A1E7A4F7556}") = "Sii.Dealer.SharedKernel", "dealer\Sii.Dealer.SharedKernel\Sii.Dealer.SharedKernel.csproj", "{FD5434C2-B0AE-4F9D-9C9C-648306FEDF48}"
EndProject
Project("{9A19103F-16F7-4668-BE54-9A1E7A4F7556}") = "Sii.Dealer.UnitTests", "dealer\Sii.Dealer.UnitTests\Sii.Dealer.UnitTests.csproj", "{40C6EC6D-4655-469B-B6A9-8EA266D4740A}"
EndProject
Project("{2150E333-8FDC-42A3-9474-1A3956D46DE8}") = "Configurator", "Configurator", "{20D2A6A5-4D3C-4A44-97AE-77780EFEFE29}"
EndProject
Project("{9A19103F-16F7-4668-BE54-9A1E7A4F7556}") = "Configurator.Api", "configurator\backend\Configurator.Api\Configurator.Api.csproj", "{ED94E5FD-781E-4F54-9A0C-487F0FE0D1EE}"
EndProject
Project("{2150E333-8FDC-42A3-9474-1A3956D46DE8}") = "Factory", "Factory", "{FC0CEC86-3809-472C-8CAF-A58F12394E0A}"
EndProject
Project("{9A19103F-16F7-4668-BE54-9A1E7A4F7556}") = "SiiCarOrder.Factory.Api", "factory\SiiCarOrder.Factory.Api\SiiCarOrder.Factory.Api.csproj", "{791088E7-B2FB-492A-875F-E2260F6228DD}"
EndProject
Project("{2150E333-8FDC-42A3-9474-1A3956D46DE8}") = "Contracts", "Contracts", "{28D5C95C-1774-49DE-94F0-C4F3FF5CEB6E}"
EndProject
Project("{9A19103F-16F7-4668-BE54-9A1E7A4F7556}") = "Sii.CarOrder.Contracts", "contracts\Sii.CarOrder.Contracts\Sii.CarOrder.Contracts.csproj", "{3C718A23-43C5-4BDF-B682-FBCB3338BFFF}"
EndProject
Project("{9A19103F-16F7-4668-BE54-9A1E7A4F7556}") = "SiiCarOrder.Factory.Scheduler", "factory\SiiCarOrder.Factory.Scheduler\SiiCarOrder.Factory.Scheduler.csproj", "{88F4A785-8BDF-4071-9A2D-347496567C3D}"
EndProject
Project("{9A19103F-16F7-4668-BE54-9A1E7A4F7556}") = "Configurator.Api.Application", "configurator\backend\Configurator.Api.Application\Configurator.Api.Application.csproj", "{6D75490A-9EDA-4C93-9A5B-F3437FFCEB3B}"
EndProject
Project("{9A19103F-16F7-4668-BE54-9A1E7A4F7556}") = "Configurator.Api.DataAccess", "configurator\backend\Configurator.Api.DataAccess\Configurator.Api.DataAccess.csproj", "{E15F60F9-F5C0-48C1-96B8-2DF7D72C0C63}"
EndProject
Project("{9A19103F-16F7-4668-BE54-9A1E7A4F7556}") = "Configurator.Api.Dtos", "configurator\backend\Configurator.Api.Dtos\Configurator.Api.Dtos.csproj", "{7D03B3EB-454D-4CBA-87FF-86985DECD89B}"
EndProject
Project("{9A19103F-16F7-4668-BE54-9A1E7A4F7556}") = "SiiCarOrder.Factory.Application", "factory\SiiCarOrder.Factory.Application\SiiCarOrder.Factory.Application.csproj", "{11E46CAE-ABFD-45A4-9DCF-616608F354C6}"
EndProject
Project("{9A19103F-16F7-4668-BE54-9A1E7A4F7556}") = "SiiCarOrder.Factory.Domain", "factory\SiiCarOrder.Factory.Domain\SiiCarOrder.Factory.Domain.csproj", "{0ED414E2-B729-4AFF-B5F1-D162C6DA5621}"
EndProject
Project("{9A19103F-16F7-4668-BE54-9A1E7A4F7556}") = "SiiCarOrder.Factory.Dtos", "factory\SiiCarOrder.Factory.Dtos\SiiCarOrder.Factory.Dtos.csproj", "{1121EC25-F26D-472E-A8D0-63405D2E768C}"
EndProject
Project("{9A19103F-16F7-4668-BE54-9A1E7A4F7556}") = "SiiCarOrder.Factory.Infrastructure", "factory\SiiCarOrder.Factory.Infrastructure\SiiCarOrder.Factory.Infrastructure.csproj", "{BD3BE212-8F62-4EE7-9524-5435123EBCB2}"
EndProject
Global
	GlobalSection(SolutionConfigurationPlatforms) = preSolution
		Debug|Any CPU = Debug|Any CPU
		Release|Any CPU = Release|Any CPU
	EndGlobalSection
	GlobalSection(ProjectConfigurationPlatforms) = postSolution
		{C4185F57-CC62-4C98-80A0-2AFB04916150}.Debug|Any CPU.ActiveCfg = Debug|Any CPU
		{C4185F57-CC62-4C98-80A0-2AFB04916150}.Debug|Any CPU.Build.0 = Debug|Any CPU
		{C4185F57-CC62-4C98-80A0-2AFB04916150}.Release|Any CPU.ActiveCfg = Release|Any CPU
		{C4185F57-CC62-4C98-80A0-2AFB04916150}.Release|Any CPU.Build.0 = Release|Any CPU
		{48C7CAD2-168C-4FD5-9C30-25BA567AB65F}.Debug|Any CPU.ActiveCfg = Debug|Any CPU
		{48C7CAD2-168C-4FD5-9C30-25BA567AB65F}.Debug|Any CPU.Build.0 = Debug|Any CPU
		{48C7CAD2-168C-4FD5-9C30-25BA567AB65F}.Release|Any CPU.ActiveCfg = Release|Any CPU
		{48C7CAD2-168C-4FD5-9C30-25BA567AB65F}.Release|Any CPU.Build.0 = Release|Any CPU
		{686E8C12-69E3-46CB-9C8C-D8786CA55181}.Debug|Any CPU.ActiveCfg = Debug|Any CPU
		{686E8C12-69E3-46CB-9C8C-D8786CA55181}.Debug|Any CPU.Build.0 = Debug|Any CPU
		{686E8C12-69E3-46CB-9C8C-D8786CA55181}.Release|Any CPU.ActiveCfg = Release|Any CPU
		{686E8C12-69E3-46CB-9C8C-D8786CA55181}.Release|Any CPU.Build.0 = Release|Any CPU
		{132C4C63-015B-40F6-A22D-B22108F1F816}.Debug|Any CPU.ActiveCfg = Debug|Any CPU
		{132C4C63-015B-40F6-A22D-B22108F1F816}.Debug|Any CPU.Build.0 = Debug|Any CPU
		{132C4C63-015B-40F6-A22D-B22108F1F816}.Release|Any CPU.ActiveCfg = Release|Any CPU
		{132C4C63-015B-40F6-A22D-B22108F1F816}.Release|Any CPU.Build.0 = Release|Any CPU
		{1BCDB7F6-6094-4EE7-BCBC-C027A7D1BDB7}.Debug|Any CPU.ActiveCfg = Debug|Any CPU
		{1BCDB7F6-6094-4EE7-BCBC-C027A7D1BDB7}.Debug|Any CPU.Build.0 = Debug|Any CPU
		{1BCDB7F6-6094-4EE7-BCBC-C027A7D1BDB7}.Release|Any CPU.ActiveCfg = Release|Any CPU
		{1BCDB7F6-6094-4EE7-BCBC-C027A7D1BDB7}.Release|Any CPU.Build.0 = Release|Any CPU
		{61019E0E-2547-4C93-838B-27B7A4DFBE36}.Debug|Any CPU.ActiveCfg = Debug|Any CPU
		{61019E0E-2547-4C93-838B-27B7A4DFBE36}.Debug|Any CPU.Build.0 = Debug|Any CPU
		{61019E0E-2547-4C93-838B-27B7A4DFBE36}.Release|Any CPU.ActiveCfg = Release|Any CPU
		{61019E0E-2547-4C93-838B-27B7A4DFBE36}.Release|Any CPU.Build.0 = Release|Any CPU
		{C29CC7E7-834B-45AA-95E1-47186E6C1DB4}.Debug|Any CPU.ActiveCfg = Debug|Any CPU
		{C29CC7E7-834B-45AA-95E1-47186E6C1DB4}.Debug|Any CPU.Build.0 = Debug|Any CPU
		{C29CC7E7-834B-45AA-95E1-47186E6C1DB4}.Release|Any CPU.ActiveCfg = Release|Any CPU
		{C29CC7E7-834B-45AA-95E1-47186E6C1DB4}.Release|Any CPU.Build.0 = Release|Any CPU
		{8637D4F8-22A7-4453-A096-5C5E27759BB5}.Debug|Any CPU.ActiveCfg = Debug|Any CPU
		{8637D4F8-22A7-4453-A096-5C5E27759BB5}.Debug|Any CPU.Build.0 = Debug|Any CPU
		{8637D4F8-22A7-4453-A096-5C5E27759BB5}.Release|Any CPU.ActiveCfg = Release|Any CPU
		{8637D4F8-22A7-4453-A096-5C5E27759BB5}.Release|Any CPU.Build.0 = Release|Any CPU
		{388FC360-B0E7-4DAA-A8F1-2F9E3F6401E4}.Debug|Any CPU.ActiveCfg = Debug|Any CPU
		{388FC360-B0E7-4DAA-A8F1-2F9E3F6401E4}.Debug|Any CPU.Build.0 = Debug|Any CPU
		{388FC360-B0E7-4DAA-A8F1-2F9E3F6401E4}.Release|Any CPU.ActiveCfg = Release|Any CPU
		{388FC360-B0E7-4DAA-A8F1-2F9E3F6401E4}.Release|Any CPU.Build.0 = Release|Any CPU
		{FD5434C2-B0AE-4F9D-9C9C-648306FEDF48}.Debug|Any CPU.ActiveCfg = Debug|Any CPU
		{FD5434C2-B0AE-4F9D-9C9C-648306FEDF48}.Debug|Any CPU.Build.0 = Debug|Any CPU
		{FD5434C2-B0AE-4F9D-9C9C-648306FEDF48}.Release|Any CPU.ActiveCfg = Release|Any CPU
		{FD5434C2-B0AE-4F9D-9C9C-648306FEDF48}.Release|Any CPU.Build.0 = Release|Any CPU
		{40C6EC6D-4655-469B-B6A9-8EA266D4740A}.Debug|Any CPU.ActiveCfg = Debug|Any CPU
		{40C6EC6D-4655-469B-B6A9-8EA266D4740A}.Debug|Any CPU.Build.0 = Debug|Any CPU
		{40C6EC6D-4655-469B-B6A9-8EA266D4740A}.Release|Any CPU.ActiveCfg = Release|Any CPU
		{40C6EC6D-4655-469B-B6A9-8EA266D4740A}.Release|Any CPU.Build.0 = Release|Any CPU
		{ED94E5FD-781E-4F54-9A0C-487F0FE0D1EE}.Debug|Any CPU.ActiveCfg = Debug|Any CPU
		{ED94E5FD-781E-4F54-9A0C-487F0FE0D1EE}.Debug|Any CPU.Build.0 = Debug|Any CPU
		{ED94E5FD-781E-4F54-9A0C-487F0FE0D1EE}.Release|Any CPU.ActiveCfg = Release|Any CPU
		{ED94E5FD-781E-4F54-9A0C-487F0FE0D1EE}.Release|Any CPU.Build.0 = Release|Any CPU
		{791088E7-B2FB-492A-875F-E2260F6228DD}.Debug|Any CPU.ActiveCfg = Debug|Any CPU
		{791088E7-B2FB-492A-875F-E2260F6228DD}.Debug|Any CPU.Build.0 = Debug|Any CPU
		{791088E7-B2FB-492A-875F-E2260F6228DD}.Release|Any CPU.ActiveCfg = Release|Any CPU
		{791088E7-B2FB-492A-875F-E2260F6228DD}.Release|Any CPU.Build.0 = Release|Any CPU
		{3C718A23-43C5-4BDF-B682-FBCB3338BFFF}.Debug|Any CPU.ActiveCfg = Debug|Any CPU
		{3C718A23-43C5-4BDF-B682-FBCB3338BFFF}.Debug|Any CPU.Build.0 = Debug|Any CPU
		{3C718A23-43C5-4BDF-B682-FBCB3338BFFF}.Release|Any CPU.ActiveCfg = Release|Any CPU
		{3C718A23-43C5-4BDF-B682-FBCB3338BFFF}.Release|Any CPU.Build.0 = Release|Any CPU
		{88F4A785-8BDF-4071-9A2D-347496567C3D}.Debug|Any CPU.ActiveCfg = Debug|Any CPU
		{88F4A785-8BDF-4071-9A2D-347496567C3D}.Debug|Any CPU.Build.0 = Debug|Any CPU
		{88F4A785-8BDF-4071-9A2D-347496567C3D}.Release|Any CPU.ActiveCfg = Release|Any CPU
		{88F4A785-8BDF-4071-9A2D-347496567C3D}.Release|Any CPU.Build.0 = Release|Any CPU
		{6D75490A-9EDA-4C93-9A5B-F3437FFCEB3B}.Debug|Any CPU.ActiveCfg = Debug|Any CPU
		{6D75490A-9EDA-4C93-9A5B-F3437FFCEB3B}.Debug|Any CPU.Build.0 = Debug|Any CPU
		{6D75490A-9EDA-4C93-9A5B-F3437FFCEB3B}.Release|Any CPU.ActiveCfg = Release|Any CPU
		{6D75490A-9EDA-4C93-9A5B-F3437FFCEB3B}.Release|Any CPU.Build.0 = Release|Any CPU
		{E15F60F9-F5C0-48C1-96B8-2DF7D72C0C63}.Debug|Any CPU.ActiveCfg = Debug|Any CPU
		{E15F60F9-F5C0-48C1-96B8-2DF7D72C0C63}.Debug|Any CPU.Build.0 = Debug|Any CPU
		{E15F60F9-F5C0-48C1-96B8-2DF7D72C0C63}.Release|Any CPU.ActiveCfg = Release|Any CPU
		{E15F60F9-F5C0-48C1-96B8-2DF7D72C0C63}.Release|Any CPU.Build.0 = Release|Any CPU
		{7D03B3EB-454D-4CBA-87FF-86985DECD89B}.Debug|Any CPU.ActiveCfg = Debug|Any CPU
		{7D03B3EB-454D-4CBA-87FF-86985DECD89B}.Debug|Any CPU.Build.0 = Debug|Any CPU
		{7D03B3EB-454D-4CBA-87FF-86985DECD89B}.Release|Any CPU.ActiveCfg = Release|Any CPU
		{7D03B3EB-454D-4CBA-87FF-86985DECD89B}.Release|Any CPU.Build.0 = Release|Any CPU
		{11E46CAE-ABFD-45A4-9DCF-616608F354C6}.Debug|Any CPU.ActiveCfg = Debug|Any CPU
		{11E46CAE-ABFD-45A4-9DCF-616608F354C6}.Debug|Any CPU.Build.0 = Debug|Any CPU
		{11E46CAE-ABFD-45A4-9DCF-616608F354C6}.Release|Any CPU.ActiveCfg = Release|Any CPU
		{11E46CAE-ABFD-45A4-9DCF-616608F354C6}.Release|Any CPU.Build.0 = Release|Any CPU
		{0ED414E2-B729-4AFF-B5F1-D162C6DA5621}.Debug|Any CPU.ActiveCfg = Debug|Any CPU
		{0ED414E2-B729-4AFF-B5F1-D162C6DA5621}.Debug|Any CPU.Build.0 = Debug|Any CPU
		{0ED414E2-B729-4AFF-B5F1-D162C6DA5621}.Release|Any CPU.ActiveCfg = Release|Any CPU
		{0ED414E2-B729-4AFF-B5F1-D162C6DA5621}.Release|Any CPU.Build.0 = Release|Any CPU
		{1121EC25-F26D-472E-A8D0-63405D2E768C}.Debug|Any CPU.ActiveCfg = Debug|Any CPU
		{1121EC25-F26D-472E-A8D0-63405D2E768C}.Debug|Any CPU.Build.0 = Debug|Any CPU
		{1121EC25-F26D-472E-A8D0-63405D2E768C}.Release|Any CPU.ActiveCfg = Release|Any CPU
		{1121EC25-F26D-472E-A8D0-63405D2E768C}.Release|Any CPU.Build.0 = Release|Any CPU
		{BD3BE212-8F62-4EE7-9524-5435123EBCB2}.Debug|Any CPU.ActiveCfg = Debug|Any CPU
		{BD3BE212-8F62-4EE7-9524-5435123EBCB2}.Debug|Any CPU.Build.0 = Debug|Any CPU
		{BD3BE212-8F62-4EE7-9524-5435123EBCB2}.Release|Any CPU.ActiveCfg = Release|Any CPU
		{BD3BE212-8F62-4EE7-9524-5435123EBCB2}.Release|Any CPU.Build.0 = Release|Any CPU
	EndGlobalSection
	GlobalSection(SolutionProperties) = preSolution
		HideSolutionNode = FALSE
	EndGlobalSection
	GlobalSection(NestedProjects) = preSolution
		{C4185F57-CC62-4C98-80A0-2AFB04916150} = {613E1595-2F5A-4B38-8A75-DEC4AA402374}
		{48C7CAD2-168C-4FD5-9C30-25BA567AB65F} = {613E1595-2F5A-4B38-8A75-DEC4AA402374}
		{686E8C12-69E3-46CB-9C8C-D8786CA55181} = {613E1595-2F5A-4B38-8A75-DEC4AA402374}
		{132C4C63-015B-40F6-A22D-B22108F1F816} = {613E1595-2F5A-4B38-8A75-DEC4AA402374}
		{1BCDB7F6-6094-4EE7-BCBC-C027A7D1BDB7} = {613E1595-2F5A-4B38-8A75-DEC4AA402374}
		{61019E0E-2547-4C93-838B-27B7A4DFBE36} = {613E1595-2F5A-4B38-8A75-DEC4AA402374}
		{C29CC7E7-834B-45AA-95E1-47186E6C1DB4} = {613E1595-2F5A-4B38-8A75-DEC4AA402374}
		{8637D4F8-22A7-4453-A096-5C5E27759BB5} = {613E1595-2F5A-4B38-8A75-DEC4AA402374}
		{388FC360-B0E7-4DAA-A8F1-2F9E3F6401E4} = {613E1595-2F5A-4B38-8A75-DEC4AA402374}
		{FD5434C2-B0AE-4F9D-9C9C-648306FEDF48} = {613E1595-2F5A-4B38-8A75-DEC4AA402374}
		{40C6EC6D-4655-469B-B6A9-8EA266D4740A} = {613E1595-2F5A-4B38-8A75-DEC4AA402374}
		{ED94E5FD-781E-4F54-9A0C-487F0FE0D1EE} = {20D2A6A5-4D3C-4A44-97AE-77780EFEFE29}
		{791088E7-B2FB-492A-875F-E2260F6228DD} = {FC0CEC86-3809-472C-8CAF-A58F12394E0A}
		{3C718A23-43C5-4BDF-B682-FBCB3338BFFF} = {28D5C95C-1774-49DE-94F0-C4F3FF5CEB6E}
		{88F4A785-8BDF-4071-9A2D-347496567C3D} = {FC0CEC86-3809-472C-8CAF-A58F12394E0A}
		{6D75490A-9EDA-4C93-9A5B-F3437FFCEB3B} = {20D2A6A5-4D3C-4A44-97AE-77780EFEFE29}
		{E15F60F9-F5C0-48C1-96B8-2DF7D72C0C63} = {20D2A6A5-4D3C-4A44-97AE-77780EFEFE29}
		{7D03B3EB-454D-4CBA-87FF-86985DECD89B} = {20D2A6A5-4D3C-4A44-97AE-77780EFEFE29}
		{11E46CAE-ABFD-45A4-9DCF-616608F354C6} = {FC0CEC86-3809-472C-8CAF-A58F12394E0A}
		{0ED414E2-B729-4AFF-B5F1-D162C6DA5621} = {FC0CEC86-3809-472C-8CAF-A58F12394E0A}
		{1121EC25-F26D-472E-A8D0-63405D2E768C} = {FC0CEC86-3809-472C-8CAF-A58F12394E0A}
		{BD3BE212-8F62-4EE7-9524-5435123EBCB2} = {FC0CEC86-3809-472C-8CAF-A58F12394E0A}
	EndGlobalSection
	GlobalSection(ExtensibilityGlobals) = postSolution
		SolutionGuid = {C74917D7-5852-482C-ADD7-7ED2D69A9964}
	EndGlobalSection
EndGlobal
