
Microsoft Visual Studio Solution File, Format Version 12.00
# Visual Studio Version 17
VisualStudioVersion = 17.3.32929.385
MinimumVisualStudioVersion = 10.0.40219.1
Project("{9A19103F-16F7-4668-BE54-9A1E7A4F7556}") = "SiiCarOrder.Factory.Api", "SiiCarOrder.Factory.Api\SiiCarOrder.Factory.Api.csproj", "{4BBBA0D3-AA1D-4F2B-86C5-05474911D37A}"
EndProject
Project("{9A19103F-16F7-4668-BE54-9A1E7A4F7556}") = "SiiCarOrder.Factory.Scheduler", "SiiCarOrder.Factory.Scheduler\SiiCarOrder.Factory.Scheduler.csproj", "{E5BB326B-F884-43F9-B438-DC6944BE29B6}"
EndProject
Project("{9A19103F-16F7-4668-BE54-9A1E7A4F7556}") = "Sii.CarOrder.Contracts", "..\contracts\Sii.CarOrder.Contracts\Sii.CarOrder.Contracts.csproj", "{E40F375C-5041-4E26-A72A-87575B0F3CE2}"
EndProject
Project("{9A19103F-16F7-4668-BE54-9A1E7A4F7556}") = "SiiCarOrder.Factory.Infrastructure", "SiiCarOrder.Factory.Infrastructure\SiiCarOrder.Factory.Infrastructure.csproj", "{4A82A81F-1D0B-4436-AE01-5241327764CC}"
EndProject
Project("{9A19103F-16F7-4668-BE54-9A1E7A4F7556}") = "SiiCarOrder.Factory.Domain", "SiiCarOrder.Factory.Domain\SiiCarOrder.Factory.Domain.csproj", "{092D487E-C404-482D-A01B-7226D61B8FCF}"
EndProject
Project("{9A19103F-16F7-4668-BE54-9A1E7A4F7556}") = "SiiCarOrder.Factory.Dtos", "SiiCarOrder.Factory.Dtos\SiiCarOrder.Factory.Dtos.csproj", "{819BC4BD-9868-4841-96C9-37CD2BE1994D}"
EndProject
Project("{FAE04EC0-301F-11D3-BF4B-00C04F79EFBC}") = "SiiCarOrder.Factory.Application", "SiiCarOrder.Factory.Application\SiiCarOrder.Factory.Application.csproj", "{F8794049-A8F8-4BE3-BC75-0D1164E312C0}"
EndProject
Global
	GlobalSection(SolutionConfigurationPlatforms) = preSolution
		Debug|Any CPU = Debug|Any CPU
		Release|Any CPU = Release|Any CPU
	EndGlobalSection
	GlobalSection(ProjectConfigurationPlatforms) = postSolution
		{4BBBA0D3-AA1D-4F2B-86C5-05474911D37A}.Debug|Any CPU.ActiveCfg = Debug|Any CPU
		{4BBBA0D3-AA1D-4F2B-86C5-05474911D37A}.Debug|Any CPU.Build.0 = Debug|Any CPU
		{4BBBA0D3-AA1D-4F2B-86C5-05474911D37A}.Release|Any CPU.ActiveCfg = Release|Any CPU
		{4BBBA0D3-AA1D-4F2B-86C5-05474911D37A}.Release|Any CPU.Build.0 = Release|Any CPU
		{E5BB326B-F884-43F9-B438-DC6944BE29B6}.Debug|Any CPU.ActiveCfg = Debug|Any CPU
		{E5BB326B-F884-43F9-B438-DC6944BE29B6}.Debug|Any CPU.Build.0 = Debug|Any CPU
		{E5BB326B-F884-43F9-B438-DC6944BE29B6}.Release|Any CPU.ActiveCfg = Release|Any CPU
		{E5BB326B-F884-43F9-B438-DC6944BE29B6}.Release|Any CPU.Build.0 = Release|Any CPU
		{E40F375C-5041-4E26-A72A-87575B0F3CE2}.Debug|Any CPU.ActiveCfg = Debug|Any CPU
		{E40F375C-5041-4E26-A72A-87575B0F3CE2}.Debug|Any CPU.Build.0 = Debug|Any CPU
		{E40F375C-5041-4E26-A72A-87575B0F3CE2}.Release|Any CPU.ActiveCfg = Release|Any CPU
		{E40F375C-5041-4E26-A72A-87575B0F3CE2}.Release|Any CPU.Build.0 = Release|Any CPU
		{4A82A81F-1D0B-4436-AE01-5241327764CC}.Debug|Any CPU.ActiveCfg = Debug|Any CPU
		{4A82A81F-1D0B-4436-AE01-5241327764CC}.Debug|Any CPU.Build.0 = Debug|Any CPU
		{4A82A81F-1D0B-4436-AE01-5241327764CC}.Release|Any CPU.ActiveCfg = Release|Any CPU
		{4A82A81F-1D0B-4436-AE01-5241327764CC}.Release|Any CPU.Build.0 = Release|Any CPU
		{092D487E-C404-482D-A01B-7226D61B8FCF}.Debug|Any CPU.ActiveCfg = Debug|Any CPU
		{092D487E-C404-482D-A01B-7226D61B8FCF}.Debug|Any CPU.Build.0 = Debug|Any CPU
		{092D487E-C404-482D-A01B-7226D61B8FCF}.Release|Any CPU.ActiveCfg = Release|Any CPU
		{092D487E-C404-482D-A01B-7226D61B8FCF}.Release|Any CPU.Build.0 = Release|Any CPU
		{819BC4BD-9868-4841-96C9-37CD2BE1994D}.Debug|Any CPU.ActiveCfg = Debug|Any CPU
		{819BC4BD-9868-4841-96C9-37CD2BE1994D}.Debug|Any CPU.Build.0 = Debug|Any CPU
		{819BC4BD-9868-4841-96C9-37CD2BE1994D}.Release|Any CPU.ActiveCfg = Release|Any CPU
		{819BC4BD-9868-4841-96C9-37CD2BE1994D}.Release|Any CPU.Build.0 = Release|Any CPU
		{F8794049-A8F8-4BE3-BC75-0D1164E312C0}.Debug|Any CPU.ActiveCfg = Debug|Any CPU
		{F8794049-A8F8-4BE3-BC75-0D1164E312C0}.Debug|Any CPU.Build.0 = Debug|Any CPU
		{F8794049-A8F8-4BE3-BC75-0D1164E312C0}.Release|Any CPU.ActiveCfg = Release|Any CPU
		{F8794049-A8F8-4BE3-BC75-0D1164E312C0}.Release|Any CPU.Build.0 = Release|Any CPU
	EndGlobalSection
	GlobalSection(SolutionProperties) = preSolution
		HideSolutionNode = FALSE
	EndGlobalSection
	GlobalSection(ExtensibilityGlobals) = postSolution
		SolutionGuid = {E18BF79D-19F8-4D7A-B9AC-47BAEDD03292}
	EndGlobalSection
EndGlobal
