
Microsoft Visual Studio Solution File, Format Version 12.00
# Visual Studio Version 17
VisualStudioVersion = 17.2.32526.322
MinimumVisualStudioVersion = 10.0.40219.1
Project("{FAE04EC0-301F-11D3-BF4B-00C04F79EFBC}") = "Sii.CarOrder.Contracts", "Sii.CarOrder.Contracts\Sii.CarOrder.Contracts.csproj", "{A85AD268-2F00-4D0D-BBE6-69079D35B35F}"
EndProject
Global
	GlobalSection(SolutionConfigurationPlatforms) = preSolution
		Debug|Any CPU = Debug|Any CPU
		Release|Any CPU = Release|Any CPU
	EndGlobalSection
	GlobalSection(ProjectConfigurationPlatforms) = postSolution
		{A85AD268-2F00-4D0D-BBE6-69079D35B35F}.Debug|Any CPU.ActiveCfg = Debug|Any CPU
		{A85AD268-2F00-4D0D-BBE6-69079D35B35F}.Debug|Any CPU.Build.0 = Debug|Any CPU
		{A85AD268-2F00-4D0D-BBE6-69079D35B35F}.Release|Any CPU.ActiveCfg = Release|Any CPU
		{A85AD268-2F00-4D0D-BBE6-69079D35B35F}.Release|Any CPU.Build.0 = Release|Any CPU
	EndGlobalSection
	GlobalSection(SolutionProperties) = preSolution
		HideSolutionNode = FALSE
	EndGlobalSection
	GlobalSection(ExtensibilityGlobals) = postSolution
		SolutionGuid = {C386FFB8-5CC9-48E5-A2C0-7A85BA7D5442}
	EndGlobalSection
EndGlobal
