
Microsoft Visual Studio Solution File, Format Version 12.00
# Visual Studio Version 17
VisualStudioVersion = 17.2.32526.322
MinimumVisualStudioVersion = 10.0.40219.1
Project("{9A19103F-16F7-4668-BE54-9A1E7A4F7556}") = "FactoryPortal", "FactoryPortal\FactoryPortal.csproj", "{455EF9AB-6E73-4158-8718-B63A8377F6E4}"
EndProject
Project("{9A19103F-16F7-4668-BE54-9A1E7A4F7556}") = "Sii.CarOrder.Contracts", "..\contracts\Sii.CarOrder.Contracts\Sii.CarOrder.Contracts.csproj", "{1A2EE3F6-BE91-40F3-8509-E5E20099546E}"
EndProject
Global
	GlobalSection(SolutionConfigurationPlatforms) = preSolution
		Debug|Any CPU = Debug|Any CPU
		Release|Any CPU = Release|Any CPU
	EndGlobalSection
	GlobalSection(ProjectConfigurationPlatforms) = postSolution
		{455EF9AB-6E73-4158-8718-B63A8377F6E4}.Debug|Any CPU.ActiveCfg = Debug|Any CPU
		{455EF9AB-6E73-4158-8718-B63A8377F6E4}.Debug|Any CPU.Build.0 = Debug|Any CPU
		{455EF9AB-6E73-4158-8718-B63A8377F6E4}.Release|Any CPU.ActiveCfg = Release|Any CPU
		{455EF9AB-6E73-4158-8718-B63A8377F6E4}.Release|Any CPU.Build.0 = Release|Any CPU
		{1A2EE3F6-BE91-40F3-8509-E5E20099546E}.Debug|Any CPU.ActiveCfg = Debug|Any CPU
		{1A2EE3F6-BE91-40F3-8509-E5E20099546E}.Debug|Any CPU.Build.0 = Debug|Any CPU
		{1A2EE3F6-BE91-40F3-8509-E5E20099546E}.Release|Any CPU.ActiveCfg = Release|Any CPU
		{1A2EE3F6-BE91-40F3-8509-E5E20099546E}.Release|Any CPU.Build.0 = Release|Any CPU
	EndGlobalSection
	GlobalSection(SolutionProperties) = preSolution
		HideSolutionNode = FALSE
	EndGlobalSection
	GlobalSection(ExtensibilityGlobals) = postSolution
		SolutionGuid = {CE64036F-919C-425C-9E9E-AD696DDCE0F1}
	EndGlobalSection
EndGlobal
